
Microsoft Visual Studio Solution File, Format Version 12.00
# Visual Studio 14
VisualStudioVersion = 14.0.25420.1
MinimumVisualStudioVersion = 10.0.40219.1
Project("{FAE04EC0-301F-11D3-BF4B-00C04F79EFBC}") = "libColecciones", "libColecciones\libColecciones.csproj", "{10AF6742-D865-4FA8-AF91-28BB6B10EABA}"
EndProject
Project("{FAE04EC0-301F-11D3-BF4B-00C04F79EFBC}") = "uTestColecciones", "uTestColecciones\uTestColecciones.csproj", "{6211EC80-90FF-4652-9B13-6820D0DAE9BC}"
EndProject
Global
	GlobalSection(SolutionConfigurationPlatforms) = preSolution
		Debug|Any CPU = Debug|Any CPU
		Release|Any CPU = Release|Any CPU
	EndGlobalSection
	GlobalSection(ProjectConfigurationPlatforms) = postSolution
		{10AF6742-D865-4FA8-AF91-28BB6B10EABA}.Debug|Any CPU.ActiveCfg = Debug|Any CPU
		{10AF6742-D865-4FA8-AF91-28BB6B10EABA}.Debug|Any CPU.Build.0 = Debug|Any CPU
		{10AF6742-D865-4FA8-AF91-28BB6B10EABA}.Release|Any CPU.ActiveCfg = Release|Any CPU
		{10AF6742-D865-4FA8-AF91-28BB6B10EABA}.Release|Any CPU.Build.0 = Release|Any CPU
		{6211EC80-90FF-4652-9B13-6820D0DAE9BC}.Debug|Any CPU.ActiveCfg = Debug|Any CPU
		{6211EC80-90FF-4652-9B13-6820D0DAE9BC}.Debug|Any CPU.Build.0 = Debug|Any CPU
		{6211EC80-90FF-4652-9B13-6820D0DAE9BC}.Release|Any CPU.ActiveCfg = Release|Any CPU
		{6211EC80-90FF-4652-9B13-6820D0DAE9BC}.Release|Any CPU.Build.0 = Release|Any CPU
	EndGlobalSection
	GlobalSection(SolutionProperties) = preSolution
		HideSolutionNode = FALSE
	EndGlobalSection
EndGlobal
